<?xml version="1.0" encoding="utf-8"?>
<Project ToolsVersion="4.0" xmlns="http://schemas.microsoft.com/developer/msbuild/2003">
  <ItemGroup>
    <Filter Include="Classes">
      <UniqueIdentifier>{4FC737F1-C7A5-4376-A066-2A32D752A2FF}</UniqueIdentifier>
      <Extensions>cpp;c;cc;cxx;def;odl;idl;hpj;bat;asm;asmx</Extensions>
    </Filter>
    <Filter Include="win32">
      <UniqueIdentifier>{93995380-89BD-4b04-88EB-625FBE52EBFB}</UniqueIdentifier>
      <Extensions>h;hpp;hxx;hm;inl;inc;xsd</Extensions>
    </Filter>
    <Filter Include="Classes\cmd">
      <UniqueIdentifier>{07cb8276-3c62-419b-a560-b2ff8b5db510}</UniqueIdentifier>
    </Filter>
    <Filter Include="Classes\client">
      <UniqueIdentifier>{1a7b242a-a6e4-4fae-b99b-19d89af476d6}</UniqueIdentifier>
    </Filter>
    <Filter Include="Classes\client\view">
      <UniqueIdentifier>{2c1ddfbc-e630-4f79-acae-a9b3ff19c411}</UniqueIdentifier>
    </Filter>
    <Filter Include="Classes\client\model">
      <UniqueIdentifier>{19353864-c73b-4cbc-b5c0-6da8da202703}</UniqueIdentifier>
    </Filter>
    <Filter Include="Classes\server">
      <UniqueIdentifier>{2b563f4d-f9bf-4019-aec6-10f4394498ad}</UniqueIdentifier>
    </Filter>
  </ItemGroup>
  <ItemGroup>
    <ClCompile Include="main.cpp">
      <Filter>win32</Filter>
    </ClCompile>
    <ClCompile Include="..\Classes\model\GameLogic.cpp">
      <Filter>Classes\client\model</Filter>
    </ClCompile>
  </ItemGroup>
  <ItemGroup>
    <ClInclude Include="main.h">
      <Filter>win32</Filter>
    </ClInclude>
    <ClInclude Include="..\Classes\cmd\CMD_ZaJinHua.h">
      <Filter>Classes\cmd</Filter>
    </ClInclude>
    <ClInclude Include="..\Classes\model\GameLogic.h">
      <Filter>Classes\client\model</Filter>
    </ClInclude>
    <ClInclude Include="..\Classes\Config.h">
      <Filter>Classes</Filter>
    </ClInclude>
    <ClInclude Include="..\Classes\DataType.h">
      <Filter>Classes</Filter>
    </ClInclude>
  </ItemGroup>
</Project>