<?xml version="1.0" encoding="utf-8"?>
<Project ToolsVersion="4.0" xmlns="http://schemas.microsoft.com/developer/msbuild/2003">
  <ItemGroup>
    <Filter Include="Classes">
      <UniqueIdentifier>{4FC737F1-C7A5-4376-A066-2A32D752A2FF}</UniqueIdentifier>
      <Extensions>cpp;c;cc;cxx;def;odl;idl;hpj;bat;asm;asmx</Extensions>
    </Filter>
    <Filter Include="win32">
      <UniqueIdentifier>{93995380-89BD-4b04-88EB-625FBE52EBFB}</UniqueIdentifier>
      <Extensions>h;hpp;hxx;hm;inl;inc;xsd</Extensions>
    </Filter>
    <Filter Include="Classes\config">
      <UniqueIdentifier>{2cc26c8a-8be1-454d-b4ae-3a456805223b}</UniqueIdentifier>
    </Filter>
    <Filter Include="Classes\frame">
      <UniqueIdentifier>{3113cd55-9c7b-477e-a5de-8aac2d5d0823}</UniqueIdentifier>
    </Filter>
    <Filter Include="Classes\model">
      <UniqueIdentifier>{3e5e427f-45e7-4c3a-b68a-27326e5b1080}</UniqueIdentifier>
    </Filter>
    <Filter Include="Classes\view">
      <UniqueIdentifier>{4a8a1380-9c8f-4cd1-a373-32334013b478}</UniqueIdentifier>
    </Filter>
  </ItemGroup>
  <ItemGroup>
    <ClCompile Include="main.cpp">
      <Filter>win32</Filter>
    </ClCompile>
    <ClCompile Include="..\Classes\frame\AppDelegate.cpp">
      <Filter>Classes\frame</Filter>
    </ClCompile>
    <ClCompile Include="..\Classes\view\StartScene.cpp">
      <Filter>Classes\view</Filter>
    </ClCompile>
  </ItemGroup>
  <ItemGroup>
    <ClInclude Include="main.h">
      <Filter>win32</Filter>
    </ClInclude>
    <ClInclude Include="..\Classes\config\AppMacros.h">
      <Filter>Classes\config</Filter>
    </ClInclude>
    <ClInclude Include="..\Classes\frame\AppDelegate.h">
      <Filter>Classes\frame</Filter>
    </ClInclude>
    <ClInclude Include="..\Classes\view\StartScene.h">
      <Filter>Classes\view</Filter>
    </ClInclude>
  </ItemGroup>
</Project>