<?xml version="1.0" encoding="utf-8"?>
<Project ToolsVersion="4.0" xmlns="http://schemas.microsoft.com/developer/msbuild/2003">
  <ItemGroup>
    <Filter Include="Classes">
      <UniqueIdentifier>{4FC737F1-C7A5-4376-A066-2A32D752A2FF}</UniqueIdentifier>
      <Extensions>cpp;c;cc;cxx;def;odl;idl;hpj;bat;asm;asmx</Extensions>
    </Filter>
    <Filter Include="win32">
      <UniqueIdentifier>{93995380-89BD-4b04-88EB-625FBE52EBFB}</UniqueIdentifier>
      <Extensions>h;hpp;hxx;hm;inl;inc;xsd</Extensions>
    </Filter>
    <Filter Include="Classes\config">
      <UniqueIdentifier>{2cc26c8a-8be1-454d-b4ae-3a456805223b}</UniqueIdentifier>
    </Filter>
    <Filter Include="Classes\frame">
      <UniqueIdentifier>{3113cd55-9c7b-477e-a5de-8aac2d5d0823}</UniqueIdentifier>
    </Filter>
    <Filter Include="Classes\model">
      <UniqueIdentifier>{3e5e427f-45e7-4c3a-b68a-27326e5b1080}</UniqueIdentifier>
    </Filter>
    <Filter Include="Classes\view">
      <UniqueIdentifier>{4a8a1380-9c8f-4cd1-a373-32334013b478}</UniqueIdentifier>
    </Filter>
    <Filter Include="Classes\assist">
      <UniqueIdentifier>{17b1f5d2-7f04-4daa-8a5e-da8562e5afb0}</UniqueIdentifier>
    </Filter>
    <Filter Include="Classes\base">
      <UniqueIdentifier>{00b30a56-39f1-4486-b768-41c0013f079e}</UniqueIdentifier>
    </Filter>
    <Filter Include="Classes\controller">
      <UniqueIdentifier>{ebd9729d-41b3-49e6-b7f5-ddd6c8b02256}</UniqueIdentifier>
    </Filter>
  </ItemGroup>
  <ItemGroup>
    <ClCompile Include="main.cpp">
      <Filter>win32</Filter>
    </ClCompile>
    <ClCompile Include="..\Classes\frame\AppDelegate.cpp">
      <Filter>Classes\frame</Filter>
    </ClCompile>
    <ClCompile Include="..\Classes\model\Ground.cpp">
      <Filter>Classes\model</Filter>
    </ClCompile>
    <ClCompile Include="..\Classes\base\BaseScene.cpp">
      <Filter>Classes\base</Filter>
    </ClCompile>
    <ClCompile Include="..\Classes\base\ControlButtonLoader.cpp">
      <Filter>Classes\base</Filter>
    </ClCompile>
    <ClCompile Include="..\Classes\base\LabelBMFontLoader.cpp">
      <Filter>Classes\base</Filter>
    </ClCompile>
    <ClCompile Include="..\Classes\base\LabelTTFLoader.cpp">
      <Filter>Classes\base</Filter>
    </ClCompile>
    <ClCompile Include="..\Classes\base\NodeLoaderLibrary.cpp">
      <Filter>Classes\base</Filter>
    </ClCompile>
    <ClCompile Include="..\Classes\base\LangMgr.cpp">
      <Filter>Classes\base</Filter>
    </ClCompile>
    <ClCompile Include="..\Classes\assist\DBHelper.cpp">
      <Filter>Classes\assist</Filter>
    </ClCompile>
    <ClCompile Include="..\Classes\assist\FileHelper.cpp">
      <Filter>Classes\assist</Filter>
    </ClCompile>
    <ClCompile Include="..\Classes\base\BaseLayer.cpp">
      <Filter>Classes\base</Filter>
    </ClCompile>
    <ClCompile Include="..\Classes\controller\UIMgr.cpp">
      <Filter>Classes\controller</Filter>
    </ClCompile>
    <ClCompile Include="..\Classes\model\MainLogic.cpp">
      <Filter>Classes\model</Filter>
    </ClCompile>
    <ClCompile Include="..\Classes\view\LayerLoading.cpp">
      <Filter>Classes\view</Filter>
    </ClCompile>
    <ClCompile Include="..\Classes\view\LayerLogo.cpp">
      <Filter>Classes\view</Filter>
    </ClCompile>
  </ItemGroup>
  <ItemGroup>
    <ClInclude Include="main.h">
      <Filter>win32</Filter>
    </ClInclude>
    <ClInclude Include="..\Classes\config\AppMacros.h">
      <Filter>Classes\config</Filter>
    </ClInclude>
    <ClInclude Include="..\Classes\frame\AppDelegate.h">
      <Filter>Classes\frame</Filter>
    </ClInclude>
    <ClInclude Include="..\Classes\model\Ground.h">
      <Filter>Classes\model</Filter>
    </ClInclude>
    <ClInclude Include="..\Classes\config\Global.h">
      <Filter>Classes\config</Filter>
    </ClInclude>
    <ClInclude Include="..\Classes\base\BaseScene.h">
      <Filter>Classes\base</Filter>
    </ClInclude>
    <ClInclude Include="..\Classes\base\ControlButtonLoader.h">
      <Filter>Classes\base</Filter>
    </ClInclude>
    <ClInclude Include="..\Classes\base\LabelBMFontLoader.h">
      <Filter>Classes\base</Filter>
    </ClInclude>
    <ClInclude Include="..\Classes\base\LabelTTFLoader.h">
      <Filter>Classes\base</Filter>
    </ClInclude>
    <ClInclude Include="..\Classes\base\NodeLoaderLibrary.h">
      <Filter>Classes\base</Filter>
    </ClInclude>
    <ClInclude Include="..\Classes\base\LangMgr.h">
      <Filter>Classes\base</Filter>
    </ClInclude>
    <ClInclude Include="..\Classes\assist\DBHelper.h">
      <Filter>Classes\assist</Filter>
    </ClInclude>
    <ClInclude Include="..\Classes\assist\FileHelper.h">
      <Filter>Classes\assist</Filter>
    </ClInclude>
    <ClInclude Include="..\Classes\base\BaseLayer.h">
      <Filter>Classes\base</Filter>
    </ClInclude>
    <ClInclude Include="..\Classes\controller\UIMgr.h">
      <Filter>Classes\controller</Filter>
    </ClInclude>
    <ClInclude Include="..\Classes\model\MainLogic.h">
      <Filter>Classes\model</Filter>
    </ClInclude>
    <ClInclude Include="..\Classes\view\LayerLogo.h">
      <Filter>Classes\view</Filter>
    </ClInclude>
    <ClInclude Include="..\Classes\view\LayerLoading.h">
      <Filter>Classes\view</Filter>
    </ClInclude>
  </ItemGroup>
</Project>